
Microsoft Visual Studio Solution File, Format Version 12.00
# Visual Studio 2013
VisualStudioVersion = 12.0.21005.1
MinimumVisualStudioVersion = 10.0.40219.1
Project("{FAE04EC0-301F-11D3-BF4B-00C04F79EFBC}") = "bsp", "bsp\bsp.csproj", "{D0E4871D-4285-4CC7-AB47-A0185BDD3D0D}"
EndProject
Project("{FAE04EC0-301F-11D3-BF4B-00C04F79EFBC}") = "Test1", "Test1\Test1.csproj", "{A9DE2EA3-AD0F-45C7-A539-9E8DF37AA023}"
EndProject
Global
	GlobalSection(SolutionConfigurationPlatforms) = preSolution
		Debug|Any CPU = Debug|Any CPU
		Release|Any CPU = Release|Any CPU
	EndGlobalSection
	GlobalSection(ProjectConfigurationPlatforms) = postSolution
		{D0E4871D-4285-4CC7-AB47-A0185BDD3D0D}.Debug|Any CPU.ActiveCfg = Debug|Any CPU
		{D0E4871D-4285-4CC7-AB47-A0185BDD3D0D}.Debug|Any CPU.Build.0 = Debug|Any CPU
		{D0E4871D-4285-4CC7-AB47-A0185BDD3D0D}.Release|Any CPU.ActiveCfg = Release|Any CPU
		{D0E4871D-4285-4CC7-AB47-A0185BDD3D0D}.Release|Any CPU.Build.0 = Release|Any CPU
		{A9DE2EA3-AD0F-45C7-A539-9E8DF37AA023}.Debug|Any CPU.ActiveCfg = Debug|Any CPU
		{A9DE2EA3-AD0F-45C7-A539-9E8DF37AA023}.Debug|Any CPU.Build.0 = Debug|Any CPU
		{A9DE2EA3-AD0F-45C7-A539-9E8DF37AA023}.Release|Any CPU.ActiveCfg = Release|Any CPU
		{A9DE2EA3-AD0F-45C7-A539-9E8DF37AA023}.Release|Any CPU.Build.0 = Release|Any CPU
	EndGlobalSection
	GlobalSection(SolutionProperties) = preSolution
		HideSolutionNode = FALSE
	EndGlobalSection
EndGlobal
